
Microsoft Visual Studio Solution File, Format Version 12.00
# Visual Studio Version 17
VisualStudioVersion = 17.11.35303.130
MinimumVisualStudioVersion = 10.0.40219.1
Project("{9A19103F-16F7-4668-BE54-9A1E7A4F7556}") = "CompanyOrdersLab", "CompanyOrdersLab\CompanyOrdersLab.csproj", "{D35AEC68-ECF4-4FDF-B5C5-1B3C2741FF53}"
EndProject
Project("{9A19103F-16F7-4668-BE54-9A1E7A4F7556}") = "TrainingAppLab", "TrainingAppLab\TrainingAppLab.csproj", "{BDAF2051-6F8B-4B04-8FA5-E9E37F3C346B}"
EndProject
Project("{2150E333-8FDC-42A3-9474-1A3956D46DE8}") = "ExceptionHandling", "ExceptionHandling", "{937524A1-2358-4343-A4E7-DCAC2E9AC94D}"
EndProject
Project("{9A19103F-16F7-4668-BE54-9A1E7A4F7556}") = "ExceptionHandlingDemo", "ExceptionHandlingDemo\ExceptionHandlingDemo.csproj", "{A5BAEC76-2BDF-447D-AAB3-517E6E338515}"
EndProject
Project("{2150E333-8FDC-42A3-9474-1A3956D46DE8}") = "LINQ", "LINQ", "{3C6923DC-61C1-439A-8581-881A157931E7}"
EndProject
Project("{9A19103F-16F7-4668-BE54-9A1E7A4F7556}") = "LinqLab", "LinqLab\LinqLab.csproj", "{D896B35F-7EC7-4990-9C53-A079F88CA727}"
EndProject
Project("{2150E333-8FDC-42A3-9474-1A3956D46DE8}") = "KnowledgeHub_App-BE", "KnowledgeHub_App-BE", "{2308351D-4209-40FF-B306-84116C18EBEA}"
EndProject
Project("{2150E333-8FDC-42A3-9474-1A3956D46DE8}") = "API_Layer", "API_Layer", "{805B8A89-820B-46DA-9F09-42E6961540D0}"
EndProject
Project("{2150E333-8FDC-42A3-9474-1A3956D46DE8}") = "DataLayer", "DataLayer", "{E15748AD-B8D6-49CE-B8EA-77058FE845E0}"
EndProject
Project("{2150E333-8FDC-42A3-9474-1A3956D46DE8}") = "DomainLayer", "DomainLayer", "{9515D869-3C33-4771-BF70-134A508D1BF8}"
EndProject
Project("{9A19103F-16F7-4668-BE54-9A1E7A4F7556}") = "KnowledgeHubPortal.Domain", "KnowledgeHubPortal.Domain\KnowledgeHubPortal.Domain.csproj", "{0F9EB525-E372-463D-BCDC-B247035BB806}"
EndProject
Project("{9A19103F-16F7-4668-BE54-9A1E7A4F7556}") = "KnowledgeHubPortal.Data", "KnowledgeHubPortal.Data\KnowledgeHubPortal.Data.csproj", "{35906E54-C98C-4D59-B536-409B2C357AB2}"
EndProject
Project("{9A19103F-16F7-4668-BE54-9A1E7A4F7556}") = "KnowledgeHubPortal.API", "KnowledgeHubPortal.API\KnowledgeHubPortal.API.csproj", "{D8ECBF32-AFCE-45A9-BDF2-D47146DBABBA}"
EndProject
Project("{2150E333-8FDC-42A3-9474-1A3956D46DE8}") = "EF Demo", "EF Demo", "{9725BDBB-1100-4AD6-BEC7-038343E008F0}"
EndProject
Project("{9A19103F-16F7-4668-BE54-9A1E7A4F7556}") = "ProductsManagement", "ProductsManagement\ProductsManagement.csproj", "{624F9538-0C67-4AB3-921B-53EA48A9BA29}"
EndProject
Project("{FAE04EC0-301F-11D3-BF4B-00C04F79EFBC}") = "ContactManagementApp", "ContactManagementApp\ContactManagementApp.csproj", "{842FDE36-2227-4BDD-B7E9-C4CB220E52CE}"
EndProject
Project("{2150E333-8FDC-42A3-9474-1A3956D46DE8}") = "EF_Lab", "EF_Lab", "{EC82F7F6-B1E6-4266-85AC-1DCE1D3835EC}"
EndProject
Project("{FAE04EC0-301F-11D3-BF4B-00C04F79EFBC}") = "StudentManagementApp", "StudentManagementApp\StudentManagementApp.csproj", "{E5E375F8-3E8C-43F4-88C3-A9CC6DF2851F}"
EndProject
Global
	GlobalSection(SolutionConfigurationPlatforms) = preSolution
		Debug|Any CPU = Debug|Any CPU
		Release|Any CPU = Release|Any CPU
	EndGlobalSection
	GlobalSection(ProjectConfigurationPlatforms) = postSolution
		{D35AEC68-ECF4-4FDF-B5C5-1B3C2741FF53}.Debug|Any CPU.ActiveCfg = Debug|Any CPU
		{D35AEC68-ECF4-4FDF-B5C5-1B3C2741FF53}.Debug|Any CPU.Build.0 = Debug|Any CPU
		{D35AEC68-ECF4-4FDF-B5C5-1B3C2741FF53}.Release|Any CPU.ActiveCfg = Release|Any CPU
		{D35AEC68-ECF4-4FDF-B5C5-1B3C2741FF53}.Release|Any CPU.Build.0 = Release|Any CPU
		{BDAF2051-6F8B-4B04-8FA5-E9E37F3C346B}.Debug|Any CPU.ActiveCfg = Debug|Any CPU
		{BDAF2051-6F8B-4B04-8FA5-E9E37F3C346B}.Debug|Any CPU.Build.0 = Debug|Any CPU
		{BDAF2051-6F8B-4B04-8FA5-E9E37F3C346B}.Release|Any CPU.ActiveCfg = Release|Any CPU
		{BDAF2051-6F8B-4B04-8FA5-E9E37F3C346B}.Release|Any CPU.Build.0 = Release|Any CPU
		{A5BAEC76-2BDF-447D-AAB3-517E6E338515}.Debug|Any CPU.ActiveCfg = Debug|Any CPU
		{A5BAEC76-2BDF-447D-AAB3-517E6E338515}.Debug|Any CPU.Build.0 = Debug|Any CPU
		{A5BAEC76-2BDF-447D-AAB3-517E6E338515}.Release|Any CPU.ActiveCfg = Release|Any CPU
		{A5BAEC76-2BDF-447D-AAB3-517E6E338515}.Release|Any CPU.Build.0 = Release|Any CPU
		{D896B35F-7EC7-4990-9C53-A079F88CA727}.Debug|Any CPU.ActiveCfg = Debug|Any CPU
		{D896B35F-7EC7-4990-9C53-A079F88CA727}.Debug|Any CPU.Build.0 = Debug|Any CPU
		{D896B35F-7EC7-4990-9C53-A079F88CA727}.Release|Any CPU.ActiveCfg = Release|Any CPU
		{D896B35F-7EC7-4990-9C53-A079F88CA727}.Release|Any CPU.Build.0 = Release|Any CPU
		{0F9EB525-E372-463D-BCDC-B247035BB806}.Debug|Any CPU.ActiveCfg = Debug|Any CPU
		{0F9EB525-E372-463D-BCDC-B247035BB806}.Debug|Any CPU.Build.0 = Debug|Any CPU
		{0F9EB525-E372-463D-BCDC-B247035BB806}.Release|Any CPU.ActiveCfg = Release|Any CPU
		{0F9EB525-E372-463D-BCDC-B247035BB806}.Release|Any CPU.Build.0 = Release|Any CPU
		{35906E54-C98C-4D59-B536-409B2C357AB2}.Debug|Any CPU.ActiveCfg = Debug|Any CPU
		{35906E54-C98C-4D59-B536-409B2C357AB2}.Debug|Any CPU.Build.0 = Debug|Any CPU
		{35906E54-C98C-4D59-B536-409B2C357AB2}.Release|Any CPU.ActiveCfg = Release|Any CPU
		{35906E54-C98C-4D59-B536-409B2C357AB2}.Release|Any CPU.Build.0 = Release|Any CPU
		{D8ECBF32-AFCE-45A9-BDF2-D47146DBABBA}.Debug|Any CPU.ActiveCfg = Debug|Any CPU
		{D8ECBF32-AFCE-45A9-BDF2-D47146DBABBA}.Debug|Any CPU.Build.0 = Debug|Any CPU
		{D8ECBF32-AFCE-45A9-BDF2-D47146DBABBA}.Release|Any CPU.ActiveCfg = Release|Any CPU
		{D8ECBF32-AFCE-45A9-BDF2-D47146DBABBA}.Release|Any CPU.Build.0 = Release|Any CPU
		{624F9538-0C67-4AB3-921B-53EA48A9BA29}.Debug|Any CPU.ActiveCfg = Debug|Any CPU
		{624F9538-0C67-4AB3-921B-53EA48A9BA29}.Debug|Any CPU.Build.0 = Debug|Any CPU
		{624F9538-0C67-4AB3-921B-53EA48A9BA29}.Release|Any CPU.ActiveCfg = Release|Any CPU
		{624F9538-0C67-4AB3-921B-53EA48A9BA29}.Release|Any CPU.Build.0 = Release|Any CPU
		{842FDE36-2227-4BDD-B7E9-C4CB220E52CE}.Debug|Any CPU.ActiveCfg = Debug|Any CPU
		{842FDE36-2227-4BDD-B7E9-C4CB220E52CE}.Debug|Any CPU.Build.0 = Debug|Any CPU
		{842FDE36-2227-4BDD-B7E9-C4CB220E52CE}.Release|Any CPU.ActiveCfg = Release|Any CPU
		{842FDE36-2227-4BDD-B7E9-C4CB220E52CE}.Release|Any CPU.Build.0 = Release|Any CPU
		{E5E375F8-3E8C-43F4-88C3-A9CC6DF2851F}.Debug|Any CPU.ActiveCfg = Debug|Any CPU
		{E5E375F8-3E8C-43F4-88C3-A9CC6DF2851F}.Debug|Any CPU.Build.0 = Debug|Any CPU
		{E5E375F8-3E8C-43F4-88C3-A9CC6DF2851F}.Release|Any CPU.ActiveCfg = Release|Any CPU
		{E5E375F8-3E8C-43F4-88C3-A9CC6DF2851F}.Release|Any CPU.Build.0 = Release|Any CPU
	EndGlobalSection
	GlobalSection(SolutionProperties) = preSolution
		HideSolutionNode = FALSE
	EndGlobalSection
	GlobalSection(NestedProjects) = preSolution
		{A5BAEC76-2BDF-447D-AAB3-517E6E338515} = {937524A1-2358-4343-A4E7-DCAC2E9AC94D}
		{D896B35F-7EC7-4990-9C53-A079F88CA727} = {3C6923DC-61C1-439A-8581-881A157931E7}
		{805B8A89-820B-46DA-9F09-42E6961540D0} = {2308351D-4209-40FF-B306-84116C18EBEA}
		{E15748AD-B8D6-49CE-B8EA-77058FE845E0} = {2308351D-4209-40FF-B306-84116C18EBEA}
		{9515D869-3C33-4771-BF70-134A508D1BF8} = {2308351D-4209-40FF-B306-84116C18EBEA}
		{0F9EB525-E372-463D-BCDC-B247035BB806} = {9515D869-3C33-4771-BF70-134A508D1BF8}
		{35906E54-C98C-4D59-B536-409B2C357AB2} = {E15748AD-B8D6-49CE-B8EA-77058FE845E0}
		{D8ECBF32-AFCE-45A9-BDF2-D47146DBABBA} = {805B8A89-820B-46DA-9F09-42E6961540D0}
		{624F9538-0C67-4AB3-921B-53EA48A9BA29} = {9725BDBB-1100-4AD6-BEC7-038343E008F0}
		{842FDE36-2227-4BDD-B7E9-C4CB220E52CE} = {9725BDBB-1100-4AD6-BEC7-038343E008F0}
		{E5E375F8-3E8C-43F4-88C3-A9CC6DF2851F} = {EC82F7F6-B1E6-4266-85AC-1DCE1D3835EC}
	EndGlobalSection
	GlobalSection(ExtensibilityGlobals) = postSolution
		SolutionGuid = {328481A2-DE89-4FE4-8574-C032A5718E53}
	EndGlobalSection
EndGlobal
